<?xml version="1.0" encoding="UTF-8" standalone="yes" ?>
<CodeBlocks_project_file>
	<FileVersion major="1" minor="6" />
	<Project>
		<Option title="Colisões" />
		<Option pch_mode="2" />
		<Option compiler="gcc" />
		<Build>
			<Target title="Debug">
				<Option output="bin/Debug/Colisões" prefix_auto="1" extension_auto="1" />
				<Option object_output="obj/Debug/" />
				<Option type="1" />
				<Option compiler="gcc" />
				<Compiler>
					<Add option="-g" />
					<Add option="-DGRAPHICS_API_OPENGL33" />
				</Compiler>
				<Linker>
					<Add library="raylib" />
					<Add library="opengl32" />
					<Add library="gdi32" />
					<Add library="winmm" />
					<Add directory="../../../../../raylib-5.5_win64_mingw-w64/lib" />
				</Linker>
			</Target>
			<Target title="Release">
				<Option output="bin/Release/Colisões" prefix_auto="1" extension_auto="1" />
				<Option object_output="obj/Release/" />
				<Option type="1" />
				<Option compiler="gcc" />
				<Compiler>
					<Add option="-O2" />
				</Compiler>
				<Linker>
					<Add option="-s" />
				</Linker>
			</Target>
		</Build>
		<Compiler>
			<Add option="-Wall" />
			<Add directory="../../../../../raylib/w64devkit/include" />
		</Compiler>
		<Linker>
			<Add library="raylib" />
			<Add directory="../../../../../raylib/w64devkit/lib" />
		</Linker>
		<Unit filename="Colisões.depend" />
		<Unit filename="raylib.h" />
		<Unit filename="testecolisiões.c">
			<Option compilerVar="CC" />
		</Unit>
		<Extensions>
			<lib_finder disable_auto="1" />
		</Extensions>
	</Project>
</CodeBlocks_project_file>
